
Microsoft Visual Studio Solution File, Format Version 12.00
# Visual Studio 14
VisualStudioVersion = 14.0.25420.1
MinimumVisualStudioVersion = 10.0.40219.1
Project("{FAE04EC0-301F-11D3-BF4B-00C04F79EFBC}") = "ISS-Project", "ISS-Project\ISS-Project.csproj", "{126361DC-28AD-4756-86F4-46C26D261BAE}"
EndProject
Project("{FAE04EC0-301F-11D3-BF4B-00C04F79EFBC}") = "Model", "Model\Model.csproj", "{F94EC6BB-D80F-4888-98CE-8426860E98CE}"
EndProject
Project("{FAE04EC0-301F-11D3-BF4B-00C04F79EFBC}") = "Persistence", "Persistence\Persistence.csproj", "{10E9488C-47E4-486A-A5F7-590A67A58FDC}"
EndProject
Project("{FAE04EC0-301F-11D3-BF4B-00C04F79EFBC}") = "Services", "Services\Services.csproj", "{2F8B3F95-A7B4-4D00-A389-06DAD87E4C77}"
EndProject
Project("{FAE04EC0-301F-11D3-BF4B-00C04F79EFBC}") = "Client", "Client\Client.csproj", "{823A4397-EC7D-486B-BB8F-AEEE7732F43B}"
EndProject
Project("{FAE04EC0-301F-11D3-BF4B-00C04F79EFBC}") = "PersistenceTests", "PersistenceTests\PersistenceTests.csproj", "{C1A0AD4A-8769-4FF6-A099-C77DC6E7A0CD}"
EndProject
Project("{FAE04EC0-301F-11D3-BF4B-00C04F79EFBC}") = "Server", "Serverr\Server.csproj", "{9C147296-04B3-44AA-BE1F-B536B3AEB659}"
EndProject
Project("{F088123C-0E9E-452A-89E6-6BA2F21D5CAC}") = "ModelingProject1", "ModelingProject1\ModelingProject1.modelproj", "{FCBD8F15-BB43-4CF9-A796-61AA78D72BB0}"
Project("{FAE04EC0-301F-11D3-BF4B-00C04F79EFBC}") = "Testing", "Testing\Testing.csproj", "{DB16D07A-5DB1-4AF9-9D90-8A87050EAC3D}"
EndProject
Global
	GlobalSection(SolutionConfigurationPlatforms) = preSolution
		Debug|Any CPU = Debug|Any CPU
		Release|Any CPU = Release|Any CPU
	EndGlobalSection
	GlobalSection(ProjectConfigurationPlatforms) = postSolution
		{126361DC-28AD-4756-86F4-46C26D261BAE}.Debug|Any CPU.ActiveCfg = Debug|Any CPU
		{126361DC-28AD-4756-86F4-46C26D261BAE}.Debug|Any CPU.Build.0 = Debug|Any CPU
		{126361DC-28AD-4756-86F4-46C26D261BAE}.Release|Any CPU.ActiveCfg = Release|Any CPU
		{126361DC-28AD-4756-86F4-46C26D261BAE}.Release|Any CPU.Build.0 = Release|Any CPU
		{F94EC6BB-D80F-4888-98CE-8426860E98CE}.Debug|Any CPU.ActiveCfg = Debug|Any CPU
		{F94EC6BB-D80F-4888-98CE-8426860E98CE}.Debug|Any CPU.Build.0 = Debug|Any CPU
		{F94EC6BB-D80F-4888-98CE-8426860E98CE}.Release|Any CPU.ActiveCfg = Release|Any CPU
		{F94EC6BB-D80F-4888-98CE-8426860E98CE}.Release|Any CPU.Build.0 = Release|Any CPU
		{10E9488C-47E4-486A-A5F7-590A67A58FDC}.Debug|Any CPU.ActiveCfg = Debug|Any CPU
		{10E9488C-47E4-486A-A5F7-590A67A58FDC}.Debug|Any CPU.Build.0 = Debug|Any CPU
		{10E9488C-47E4-486A-A5F7-590A67A58FDC}.Release|Any CPU.ActiveCfg = Release|Any CPU
		{10E9488C-47E4-486A-A5F7-590A67A58FDC}.Release|Any CPU.Build.0 = Release|Any CPU
		{2F8B3F95-A7B4-4D00-A389-06DAD87E4C77}.Debug|Any CPU.ActiveCfg = Debug|Any CPU
		{2F8B3F95-A7B4-4D00-A389-06DAD87E4C77}.Debug|Any CPU.Build.0 = Debug|Any CPU
		{2F8B3F95-A7B4-4D00-A389-06DAD87E4C77}.Release|Any CPU.ActiveCfg = Release|Any CPU
		{2F8B3F95-A7B4-4D00-A389-06DAD87E4C77}.Release|Any CPU.Build.0 = Release|Any CPU
		{823A4397-EC7D-486B-BB8F-AEEE7732F43B}.Debug|Any CPU.ActiveCfg = Debug|Any CPU
		{823A4397-EC7D-486B-BB8F-AEEE7732F43B}.Debug|Any CPU.Build.0 = Debug|Any CPU
		{823A4397-EC7D-486B-BB8F-AEEE7732F43B}.Release|Any CPU.ActiveCfg = Release|Any CPU
		{823A4397-EC7D-486B-BB8F-AEEE7732F43B}.Release|Any CPU.Build.0 = Release|Any CPU
		{C1A0AD4A-8769-4FF6-A099-C77DC6E7A0CD}.Debug|Any CPU.ActiveCfg = Debug|Any CPU
		{C1A0AD4A-8769-4FF6-A099-C77DC6E7A0CD}.Debug|Any CPU.Build.0 = Debug|Any CPU
		{C1A0AD4A-8769-4FF6-A099-C77DC6E7A0CD}.Release|Any CPU.ActiveCfg = Release|Any CPU
		{C1A0AD4A-8769-4FF6-A099-C77DC6E7A0CD}.Release|Any CPU.Build.0 = Release|Any CPU
		{9C147296-04B3-44AA-BE1F-B536B3AEB659}.Debug|Any CPU.ActiveCfg = Debug|Any CPU
		{9C147296-04B3-44AA-BE1F-B536B3AEB659}.Debug|Any CPU.Build.0 = Debug|Any CPU
		{9C147296-04B3-44AA-BE1F-B536B3AEB659}.Release|Any CPU.ActiveCfg = Release|Any CPU
		{9C147296-04B3-44AA-BE1F-B536B3AEB659}.Release|Any CPU.Build.0 = Release|Any CPU
		{FCBD8F15-BB43-4CF9-A796-61AA78D72BB0}.Debug|Any CPU.ActiveCfg = Debug|Any CPU
		{FCBD8F15-BB43-4CF9-A796-61AA78D72BB0}.Debug|Any CPU.Build.0 = Debug|Any CPU
		{FCBD8F15-BB43-4CF9-A796-61AA78D72BB0}.Release|Any CPU.ActiveCfg = Release|Any CPU
		{FCBD8F15-BB43-4CF9-A796-61AA78D72BB0}.Release|Any CPU.Build.0 = Release|Any CPU
		{DB16D07A-5DB1-4AF9-9D90-8A87050EAC3D}.Debug|Any CPU.ActiveCfg = Debug|Any CPU
		{DB16D07A-5DB1-4AF9-9D90-8A87050EAC3D}.Debug|Any CPU.Build.0 = Debug|Any CPU
		{DB16D07A-5DB1-4AF9-9D90-8A87050EAC3D}.Release|Any CPU.ActiveCfg = Release|Any CPU
		{DB16D07A-5DB1-4AF9-9D90-8A87050EAC3D}.Release|Any CPU.Build.0 = Release|Any CPU
	EndGlobalSection
	GlobalSection(SolutionProperties) = preSolution
		HideSolutionNode = FALSE
	EndGlobalSection
EndGlobal
